# This file is autogenerated, do not edit; changes may be undone by the next 'dep ensure'.


[[projects]]
  branch = "master"
  name = "github.com/otiai10/debug"
  packages = ["."]
  revision = "9f7136b6eca6b9982499fb768b728755e4d68640"

[[projects]]
  branch = "master"
  name = "golang.org/x/net"
  packages = ["context","context/ctxhttp"]
  revision = "c39426892332e1bb5ec0a434a079bf82f5d30c54"

[[projects]]
  branch = "master"
  name = "google.golang.org/api"
  packages = ["compute/v1","gensupport","googleapi","googleapi/internal/uritemplates"]
  revision = "0aa0a1f2c0c4478587971a63e931e711086a5271"

[solve-meta]
  analyzer-name = "dep"
  analyzer-version = 1
  inputs-digest = "dbfceb437de6402b00b9456d63870889893d3e8bfc581641e3350d454239a1d4"
  solver-name = "gps-cdcl"
  solver-version = 1
